
Microsoft Visual Studio Solution File, Format Version 12.00
# Visual Studio Version 16
VisualStudioVersion = 16.0.28922.388
MinimumVisualStudioVersion = 10.0.40219.1
Project("{FAE04EC0-301F-11D3-BF4B-00C04F79EFBC}") = "Veresiye.Model", "Veresiye.Model\Veresiye.Model.csproj", "{CEDA7331-BA3A-47D5-9BBC-FDC134B3350F}"
EndProject
Project("{FAE04EC0-301F-11D3-BF4B-00C04F79EFBC}") = "Veresiye.Data", "Veresiye.Data\Veresiye.Data.csproj", "{6CEBC6FC-DCAD-40DC-BB8B-33D5EF0061B3}"
EndProject
Project("{FAE04EC0-301F-11D3-BF4B-00C04F79EFBC}") = "Veresiye.Service", "Veresiye.Service\Veresiye.Service.csproj", "{E51B4455-994D-4FA2-9B6F-31710E511276}"
EndProject
Project("{FAE04EC0-301F-11D3-BF4B-00C04F79EFBC}") = "Veresiye.UI", "Veresiye.UI\Veresiye.UI.csproj", "{3E1D09B0-F1F4-410A-A637-6185433E4468}"
EndProject
Global
	GlobalSection(SolutionConfigurationPlatforms) = preSolution
		Debug|Any CPU = Debug|Any CPU
		Release|Any CPU = Release|Any CPU
	EndGlobalSection
	GlobalSection(ProjectConfigurationPlatforms) = postSolution
		{CEDA7331-BA3A-47D5-9BBC-FDC134B3350F}.Debug|Any CPU.ActiveCfg = Debug|Any CPU
		{CEDA7331-BA3A-47D5-9BBC-FDC134B3350F}.Debug|Any CPU.Build.0 = Debug|Any CPU
		{CEDA7331-BA3A-47D5-9BBC-FDC134B3350F}.Release|Any CPU.ActiveCfg = Release|Any CPU
		{CEDA7331-BA3A-47D5-9BBC-FDC134B3350F}.Release|Any CPU.Build.0 = Release|Any CPU
		{6CEBC6FC-DCAD-40DC-BB8B-33D5EF0061B3}.Debug|Any CPU.ActiveCfg = Debug|Any CPU
		{6CEBC6FC-DCAD-40DC-BB8B-33D5EF0061B3}.Debug|Any CPU.Build.0 = Debug|Any CPU
		{6CEBC6FC-DCAD-40DC-BB8B-33D5EF0061B3}.Release|Any CPU.ActiveCfg = Release|Any CPU
		{6CEBC6FC-DCAD-40DC-BB8B-33D5EF0061B3}.Release|Any CPU.Build.0 = Release|Any CPU
		{E51B4455-994D-4FA2-9B6F-31710E511276}.Debug|Any CPU.ActiveCfg = Debug|Any CPU
		{E51B4455-994D-4FA2-9B6F-31710E511276}.Debug|Any CPU.Build.0 = Debug|Any CPU
		{E51B4455-994D-4FA2-9B6F-31710E511276}.Release|Any CPU.ActiveCfg = Release|Any CPU
		{E51B4455-994D-4FA2-9B6F-31710E511276}.Release|Any CPU.Build.0 = Release|Any CPU
		{3E1D09B0-F1F4-410A-A637-6185433E4468}.Debug|Any CPU.ActiveCfg = Debug|Any CPU
		{3E1D09B0-F1F4-410A-A637-6185433E4468}.Debug|Any CPU.Build.0 = Debug|Any CPU
		{3E1D09B0-F1F4-410A-A637-6185433E4468}.Release|Any CPU.ActiveCfg = Release|Any CPU
		{3E1D09B0-F1F4-410A-A637-6185433E4468}.Release|Any CPU.Build.0 = Release|Any CPU
	EndGlobalSection
	GlobalSection(SolutionProperties) = preSolution
		HideSolutionNode = FALSE
	EndGlobalSection
	GlobalSection(ExtensibilityGlobals) = postSolution
		SolutionGuid = {C7E2DC35-ABAB-49A7-817A-7D7957399196}
	EndGlobalSection
EndGlobal
